
Microsoft Visual Studio Solution File, Format Version 12.00
# Visual Studio 2013
VisualStudioVersion = 12.0.31101.0
MinimumVisualStudioVersion = 10.0.40219.1
Project("{FAE04EC0-301F-11D3-BF4B-00C04F79EFBC}") = "MVC_Tutorial", "MVC_Tutorial\MVC_Tutorial.csproj", "{CBEE4FAD-E4B2-4157-896C-5E996B9F3152}"
EndProject
Project("{FAE04EC0-301F-11D3-BF4B-00C04F79EFBC}") = "MVC_Tutorial.Tests", "MVC_Tutorial.Tests\MVC_Tutorial.Tests.csproj", "{EE0064C2-7ACC-4E70-B4C3-A94FD737E654}"
EndProject
Global
	GlobalSection(SolutionConfigurationPlatforms) = preSolution
		Debug|Any CPU = Debug|Any CPU
		Release|Any CPU = Release|Any CPU
	EndGlobalSection
	GlobalSection(ProjectConfigurationPlatforms) = postSolution
		{CBEE4FAD-E4B2-4157-896C-5E996B9F3152}.Debug|Any CPU.ActiveCfg = Debug|Any CPU
		{CBEE4FAD-E4B2-4157-896C-5E996B9F3152}.Debug|Any CPU.Build.0 = Debug|Any CPU
		{CBEE4FAD-E4B2-4157-896C-5E996B9F3152}.Release|Any CPU.ActiveCfg = Release|Any CPU
		{CBEE4FAD-E4B2-4157-896C-5E996B9F3152}.Release|Any CPU.Build.0 = Release|Any CPU
		{EE0064C2-7ACC-4E70-B4C3-A94FD737E654}.Debug|Any CPU.ActiveCfg = Debug|Any CPU
		{EE0064C2-7ACC-4E70-B4C3-A94FD737E654}.Debug|Any CPU.Build.0 = Debug|Any CPU
		{EE0064C2-7ACC-4E70-B4C3-A94FD737E654}.Release|Any CPU.ActiveCfg = Release|Any CPU
		{EE0064C2-7ACC-4E70-B4C3-A94FD737E654}.Release|Any CPU.Build.0 = Release|Any CPU
	EndGlobalSection
	GlobalSection(SolutionProperties) = preSolution
		HideSolutionNode = FALSE
	EndGlobalSection
EndGlobal
